{
  "name": "websecrobot",
  "version": "0.1.0",
  "lockfileVersion": 3,
  "requires": true,
  "packages": {
    "": {
      "name": "websecrobot",
      "version": "0.1.0",
      "license": "MIT",
      "bin": {
        "websecrobot": "bin/websecrobot.js"
      },
      "engines": {
        "node": ">=20.11"
      }
    }
  }
}
